
Microsoft Visual Studio Solution File, Format Version 12.00
# Visual Studio Version 17
VisualStudioVersion = 17.4.33403.182
MinimumVisualStudioVersion = 10.0.40219.1
Project("{FAE04EC0-301F-11D3-BF4B-00C04F79EFBC}") = "ZAD1", "ZAD1\ZAD1.csproj", "{8A3BDA1E-B7B2-4143-97C3-F8DD2C7D3D8E}"
EndProject
Project("{FAE04EC0-301F-11D3-BF4B-00C04F79EFBC}") = "ZAD2", "ZAD2\ZAD2.csproj", "{4803815A-D7E4-4A51-B399-A8135A75E968}"
EndProject
Project("{FAE04EC0-301F-11D3-BF4B-00C04F79EFBC}") = "ZAD3", "ZAD3\ZAD3.csproj", "{1CB9CEDB-9F13-4F13-B421-0EED88585EB7}"
EndProject
Global
	GlobalSection(SolutionConfigurationPlatforms) = preSolution
		Debug|Any CPU = Debug|Any CPU
		Release|Any CPU = Release|Any CPU
	EndGlobalSection
	GlobalSection(ProjectConfigurationPlatforms) = postSolution
		{8A3BDA1E-B7B2-4143-97C3-F8DD2C7D3D8E}.Debug|Any CPU.ActiveCfg = Debug|Any CPU
		{8A3BDA1E-B7B2-4143-97C3-F8DD2C7D3D8E}.Debug|Any CPU.Build.0 = Debug|Any CPU
		{8A3BDA1E-B7B2-4143-97C3-F8DD2C7D3D8E}.Release|Any CPU.ActiveCfg = Release|Any CPU
		{8A3BDA1E-B7B2-4143-97C3-F8DD2C7D3D8E}.Release|Any CPU.Build.0 = Release|Any CPU
		{4803815A-D7E4-4A51-B399-A8135A75E968}.Debug|Any CPU.ActiveCfg = Debug|Any CPU
		{4803815A-D7E4-4A51-B399-A8135A75E968}.Debug|Any CPU.Build.0 = Debug|Any CPU
		{4803815A-D7E4-4A51-B399-A8135A75E968}.Release|Any CPU.ActiveCfg = Release|Any CPU
		{4803815A-D7E4-4A51-B399-A8135A75E968}.Release|Any CPU.Build.0 = Release|Any CPU
		{1CB9CEDB-9F13-4F13-B421-0EED88585EB7}.Debug|Any CPU.ActiveCfg = Debug|Any CPU
		{1CB9CEDB-9F13-4F13-B421-0EED88585EB7}.Debug|Any CPU.Build.0 = Debug|Any CPU
		{1CB9CEDB-9F13-4F13-B421-0EED88585EB7}.Release|Any CPU.ActiveCfg = Release|Any CPU
		{1CB9CEDB-9F13-4F13-B421-0EED88585EB7}.Release|Any CPU.Build.0 = Release|Any CPU
	EndGlobalSection
	GlobalSection(SolutionProperties) = preSolution
		HideSolutionNode = FALSE
	EndGlobalSection
	GlobalSection(ExtensibilityGlobals) = postSolution
		SolutionGuid = {05725D28-BCA1-40E3-A0C0-39626DE7404D}
	EndGlobalSection
EndGlobal
