
Microsoft Visual Studio Solution File, Format Version 12.00
# Visual Studio Version 17
VisualStudioVersion = 17.4.33403.182
MinimumVisualStudioVersion = 10.0.40219.1
Project("{FAE04EC0-301F-11D3-BF4B-00C04F79EFBC}") = "ZAD1", "ZAD1\ZAD1.csproj", "{26D870E9-9A9A-4A2B-BAFD-7BDDF6A2C922}"
EndProject
Project("{FAE04EC0-301F-11D3-BF4B-00C04F79EFBC}") = "ZAD2", "ZAD2\ZAD2.csproj", "{38D5FE41-2E90-4765-82B7-30B658A1EBB4}"
EndProject
Global
	GlobalSection(SolutionConfigurationPlatforms) = preSolution
		Debug|Any CPU = Debug|Any CPU
		Release|Any CPU = Release|Any CPU
	EndGlobalSection
	GlobalSection(ProjectConfigurationPlatforms) = postSolution
		{26D870E9-9A9A-4A2B-BAFD-7BDDF6A2C922}.Debug|Any CPU.ActiveCfg = Debug|Any CPU
		{26D870E9-9A9A-4A2B-BAFD-7BDDF6A2C922}.Debug|Any CPU.Build.0 = Debug|Any CPU
		{26D870E9-9A9A-4A2B-BAFD-7BDDF6A2C922}.Release|Any CPU.ActiveCfg = Release|Any CPU
		{26D870E9-9A9A-4A2B-BAFD-7BDDF6A2C922}.Release|Any CPU.Build.0 = Release|Any CPU
		{38D5FE41-2E90-4765-82B7-30B658A1EBB4}.Debug|Any CPU.ActiveCfg = Debug|Any CPU
		{38D5FE41-2E90-4765-82B7-30B658A1EBB4}.Debug|Any CPU.Build.0 = Debug|Any CPU
		{38D5FE41-2E90-4765-82B7-30B658A1EBB4}.Release|Any CPU.ActiveCfg = Release|Any CPU
		{38D5FE41-2E90-4765-82B7-30B658A1EBB4}.Release|Any CPU.Build.0 = Release|Any CPU
	EndGlobalSection
	GlobalSection(SolutionProperties) = preSolution
		HideSolutionNode = FALSE
	EndGlobalSection
	GlobalSection(ExtensibilityGlobals) = postSolution
		SolutionGuid = {3A9CCFAE-75AD-444E-A7D9-59B7B864A7A5}
	EndGlobalSection
EndGlobal
