
Microsoft Visual Studio Solution File, Format Version 12.00
# Visual Studio Version 17
VisualStudioVersion = 17.4.33403.182
MinimumVisualStudioVersion = 10.0.40219.1
Project("{FAE04EC0-301F-11D3-BF4B-00C04F79EFBC}") = "ZAD1", "ZAD1\ZAD1.csproj", "{5DCE5BF4-7CED-4162-834F-1BB9530AB6F1}"
EndProject
Project("{FAE04EC0-301F-11D3-BF4B-00C04F79EFBC}") = "ZAD2", "ZAD2\ZAD2.csproj", "{0D44CE46-28F8-4CD4-A306-1EF6768C4FC4}"
EndProject
Project("{FAE04EC0-301F-11D3-BF4B-00C04F79EFBC}") = "ZAD3", "ZAD3\ZAD3.csproj", "{55E7D22D-D69D-4D29-8E03-8776FDAC1AFF}"
EndProject
Global
	GlobalSection(SolutionConfigurationPlatforms) = preSolution
		Debug|Any CPU = Debug|Any CPU
		Release|Any CPU = Release|Any CPU
	EndGlobalSection
	GlobalSection(ProjectConfigurationPlatforms) = postSolution
		{5DCE5BF4-7CED-4162-834F-1BB9530AB6F1}.Debug|Any CPU.ActiveCfg = Debug|Any CPU
		{5DCE5BF4-7CED-4162-834F-1BB9530AB6F1}.Debug|Any CPU.Build.0 = Debug|Any CPU
		{5DCE5BF4-7CED-4162-834F-1BB9530AB6F1}.Release|Any CPU.ActiveCfg = Release|Any CPU
		{5DCE5BF4-7CED-4162-834F-1BB9530AB6F1}.Release|Any CPU.Build.0 = Release|Any CPU
		{0D44CE46-28F8-4CD4-A306-1EF6768C4FC4}.Debug|Any CPU.ActiveCfg = Debug|Any CPU
		{0D44CE46-28F8-4CD4-A306-1EF6768C4FC4}.Debug|Any CPU.Build.0 = Debug|Any CPU
		{0D44CE46-28F8-4CD4-A306-1EF6768C4FC4}.Release|Any CPU.ActiveCfg = Release|Any CPU
		{0D44CE46-28F8-4CD4-A306-1EF6768C4FC4}.Release|Any CPU.Build.0 = Release|Any CPU
		{55E7D22D-D69D-4D29-8E03-8776FDAC1AFF}.Debug|Any CPU.ActiveCfg = Debug|Any CPU
		{55E7D22D-D69D-4D29-8E03-8776FDAC1AFF}.Debug|Any CPU.Build.0 = Debug|Any CPU
		{55E7D22D-D69D-4D29-8E03-8776FDAC1AFF}.Release|Any CPU.ActiveCfg = Release|Any CPU
		{55E7D22D-D69D-4D29-8E03-8776FDAC1AFF}.Release|Any CPU.Build.0 = Release|Any CPU
	EndGlobalSection
	GlobalSection(SolutionProperties) = preSolution
		HideSolutionNode = FALSE
	EndGlobalSection
	GlobalSection(ExtensibilityGlobals) = postSolution
		SolutionGuid = {FC10FC22-9ACD-4F53-9934-E9B4A573BD12}
	EndGlobalSection
EndGlobal
