
Microsoft Visual Studio Solution File, Format Version 12.00
# Visual Studio Version 17
VisualStudioVersion = 17.5.33516.290
MinimumVisualStudioVersion = 10.0.40219.1
Project("{FAE04EC0-301F-11D3-BF4B-00C04F79EFBC}") = "ZAD1", "ZAD1\ZAD1.csproj", "{730E76E7-6616-4CC4-A8AF-1FEFECDDC1AB}"
EndProject
Project("{FAE04EC0-301F-11D3-BF4B-00C04F79EFBC}") = "ZAD2", "ZAD2\ZAD2.csproj", "{B8ACE5B0-EDBE-4644-BB49-79B090B963C8}"
EndProject
Global
	GlobalSection(SolutionConfigurationPlatforms) = preSolution
		Debug|Any CPU = Debug|Any CPU
		Release|Any CPU = Release|Any CPU
	EndGlobalSection
	GlobalSection(ProjectConfigurationPlatforms) = postSolution
		{730E76E7-6616-4CC4-A8AF-1FEFECDDC1AB}.Debug|Any CPU.ActiveCfg = Debug|Any CPU
		{730E76E7-6616-4CC4-A8AF-1FEFECDDC1AB}.Debug|Any CPU.Build.0 = Debug|Any CPU
		{730E76E7-6616-4CC4-A8AF-1FEFECDDC1AB}.Release|Any CPU.ActiveCfg = Release|Any CPU
		{730E76E7-6616-4CC4-A8AF-1FEFECDDC1AB}.Release|Any CPU.Build.0 = Release|Any CPU
		{B8ACE5B0-EDBE-4644-BB49-79B090B963C8}.Debug|Any CPU.ActiveCfg = Debug|Any CPU
		{B8ACE5B0-EDBE-4644-BB49-79B090B963C8}.Debug|Any CPU.Build.0 = Debug|Any CPU
		{B8ACE5B0-EDBE-4644-BB49-79B090B963C8}.Release|Any CPU.ActiveCfg = Release|Any CPU
		{B8ACE5B0-EDBE-4644-BB49-79B090B963C8}.Release|Any CPU.Build.0 = Release|Any CPU
	EndGlobalSection
	GlobalSection(SolutionProperties) = preSolution
		HideSolutionNode = FALSE
	EndGlobalSection
	GlobalSection(ExtensibilityGlobals) = postSolution
		SolutionGuid = {C229A604-77BA-429A-A280-DA64A619A37C}
	EndGlobalSection
EndGlobal
