
Microsoft Visual Studio Solution File, Format Version 12.00
# Visual Studio Version 17
VisualStudioVersion = 17.5.33516.290
MinimumVisualStudioVersion = 10.0.40219.1
Project("{FAE04EC0-301F-11D3-BF4B-00C04F79EFBC}") = "ZAD1", "ZAD1\ZAD1.csproj", "{E141066F-3A74-40FA-84A8-2E7192ABF6B5}"
EndProject
Project("{FAE04EC0-301F-11D3-BF4B-00C04F79EFBC}") = "ZAD2", "ZAD2\ZAD2.csproj", "{3B2B2399-BE06-451C-ABE7-39C0B76B2810}"
EndProject
Global
	GlobalSection(SolutionConfigurationPlatforms) = preSolution
		Debug|Any CPU = Debug|Any CPU
		Release|Any CPU = Release|Any CPU
	EndGlobalSection
	GlobalSection(ProjectConfigurationPlatforms) = postSolution
		{E141066F-3A74-40FA-84A8-2E7192ABF6B5}.Debug|Any CPU.ActiveCfg = Debug|Any CPU
		{E141066F-3A74-40FA-84A8-2E7192ABF6B5}.Debug|Any CPU.Build.0 = Debug|Any CPU
		{E141066F-3A74-40FA-84A8-2E7192ABF6B5}.Release|Any CPU.ActiveCfg = Release|Any CPU
		{E141066F-3A74-40FA-84A8-2E7192ABF6B5}.Release|Any CPU.Build.0 = Release|Any CPU
		{3B2B2399-BE06-451C-ABE7-39C0B76B2810}.Debug|Any CPU.ActiveCfg = Debug|Any CPU
		{3B2B2399-BE06-451C-ABE7-39C0B76B2810}.Debug|Any CPU.Build.0 = Debug|Any CPU
		{3B2B2399-BE06-451C-ABE7-39C0B76B2810}.Release|Any CPU.ActiveCfg = Release|Any CPU
		{3B2B2399-BE06-451C-ABE7-39C0B76B2810}.Release|Any CPU.Build.0 = Release|Any CPU
	EndGlobalSection
	GlobalSection(SolutionProperties) = preSolution
		HideSolutionNode = FALSE
	EndGlobalSection
	GlobalSection(ExtensibilityGlobals) = postSolution
		SolutionGuid = {2CB21ABE-2CB5-4547-9C35-0B71712A4226}
	EndGlobalSection
EndGlobal
