
Microsoft Visual Studio Solution File, Format Version 12.00
# Visual Studio Version 17
VisualStudioVersion = 17.5.33516.290
MinimumVisualStudioVersion = 10.0.40219.1
Project("{FAE04EC0-301F-11D3-BF4B-00C04F79EFBC}") = "ZAD1", "ZAD1\ZAD1.csproj", "{FDB61A88-AA82-473A-85A4-708F8D93EFB8}"
EndProject
Project("{FAE04EC0-301F-11D3-BF4B-00C04F79EFBC}") = "ZAD2", "ZAD2\ZAD2.csproj", "{8F9B903C-F1CB-4BBE-A5D0-9D2C7A2FEA9B}"
EndProject
Global
	GlobalSection(SolutionConfigurationPlatforms) = preSolution
		Debug|Any CPU = Debug|Any CPU
		Release|Any CPU = Release|Any CPU
	EndGlobalSection
	GlobalSection(ProjectConfigurationPlatforms) = postSolution
		{FDB61A88-AA82-473A-85A4-708F8D93EFB8}.Debug|Any CPU.ActiveCfg = Debug|Any CPU
		{FDB61A88-AA82-473A-85A4-708F8D93EFB8}.Debug|Any CPU.Build.0 = Debug|Any CPU
		{FDB61A88-AA82-473A-85A4-708F8D93EFB8}.Release|Any CPU.ActiveCfg = Release|Any CPU
		{FDB61A88-AA82-473A-85A4-708F8D93EFB8}.Release|Any CPU.Build.0 = Release|Any CPU
		{8F9B903C-F1CB-4BBE-A5D0-9D2C7A2FEA9B}.Debug|Any CPU.ActiveCfg = Debug|Any CPU
		{8F9B903C-F1CB-4BBE-A5D0-9D2C7A2FEA9B}.Debug|Any CPU.Build.0 = Debug|Any CPU
		{8F9B903C-F1CB-4BBE-A5D0-9D2C7A2FEA9B}.Release|Any CPU.ActiveCfg = Release|Any CPU
		{8F9B903C-F1CB-4BBE-A5D0-9D2C7A2FEA9B}.Release|Any CPU.Build.0 = Release|Any CPU
	EndGlobalSection
	GlobalSection(SolutionProperties) = preSolution
		HideSolutionNode = FALSE
	EndGlobalSection
	GlobalSection(ExtensibilityGlobals) = postSolution
		SolutionGuid = {4EAA32F8-A070-4801-9E40-C832E926890B}
	EndGlobalSection
EndGlobal
