
Microsoft Visual Studio Solution File, Format Version 12.00
# Visual Studio Version 17
VisualStudioVersion = 17.4.33403.182
MinimumVisualStudioVersion = 10.0.40219.1
Project("{FAE04EC0-301F-11D3-BF4B-00C04F79EFBC}") = "ZAD1", "ZAD1\ZAD1.csproj", "{00E0DBEE-0579-44B0-A90C-4B56F2BE425F}"
EndProject
Project("{FAE04EC0-301F-11D3-BF4B-00C04F79EFBC}") = "ZAD3", "ZAD3\ZAD3.csproj", "{F3A213CF-A4CD-4BB3-8B99-119A8755BA27}"
EndProject
Project("{FAE04EC0-301F-11D3-BF4B-00C04F79EFBC}") = "ZAD2", "ZAD2\ZAD2.csproj", "{AA2DCDCD-661D-4140-988A-09195BB9EDD8}"
EndProject
Global
	GlobalSection(SolutionConfigurationPlatforms) = preSolution
		Debug|Any CPU = Debug|Any CPU
		Release|Any CPU = Release|Any CPU
	EndGlobalSection
	GlobalSection(ProjectConfigurationPlatforms) = postSolution
		{00E0DBEE-0579-44B0-A90C-4B56F2BE425F}.Debug|Any CPU.ActiveCfg = Debug|Any CPU
		{00E0DBEE-0579-44B0-A90C-4B56F2BE425F}.Debug|Any CPU.Build.0 = Debug|Any CPU
		{00E0DBEE-0579-44B0-A90C-4B56F2BE425F}.Release|Any CPU.ActiveCfg = Release|Any CPU
		{00E0DBEE-0579-44B0-A90C-4B56F2BE425F}.Release|Any CPU.Build.0 = Release|Any CPU
		{F3A213CF-A4CD-4BB3-8B99-119A8755BA27}.Debug|Any CPU.ActiveCfg = Debug|Any CPU
		{F3A213CF-A4CD-4BB3-8B99-119A8755BA27}.Debug|Any CPU.Build.0 = Debug|Any CPU
		{F3A213CF-A4CD-4BB3-8B99-119A8755BA27}.Release|Any CPU.ActiveCfg = Release|Any CPU
		{F3A213CF-A4CD-4BB3-8B99-119A8755BA27}.Release|Any CPU.Build.0 = Release|Any CPU
		{AA2DCDCD-661D-4140-988A-09195BB9EDD8}.Debug|Any CPU.ActiveCfg = Debug|Any CPU
		{AA2DCDCD-661D-4140-988A-09195BB9EDD8}.Debug|Any CPU.Build.0 = Debug|Any CPU
		{AA2DCDCD-661D-4140-988A-09195BB9EDD8}.Release|Any CPU.ActiveCfg = Release|Any CPU
		{AA2DCDCD-661D-4140-988A-09195BB9EDD8}.Release|Any CPU.Build.0 = Release|Any CPU
	EndGlobalSection
	GlobalSection(SolutionProperties) = preSolution
		HideSolutionNode = FALSE
	EndGlobalSection
	GlobalSection(ExtensibilityGlobals) = postSolution
		SolutionGuid = {4D75AAF8-0FF7-4120-9BBA-3A7E510DC38E}
	EndGlobalSection
EndGlobal
